
Microsoft Visual Studio Solution File, Format Version 12.00
# Visual Studio Version 17
VisualStudioVersion = 17.11.35327.3
MinimumVisualStudioVersion = 10.0.40219.1
Project("{FAE04EC0-301F-11D3-BF4B-00C04F79EFBC}") = "Silmoon.Graphics", "Silmoon.Graphics\Silmoon.Graphics.csproj", "{F2C95DE0-81C8-4426-9360-94636969F3C0}"
EndProject
Project("{2150E333-8FDC-42A3-9474-1A3956D46DE8}") = "解决方案项", "解决方案项", "{86BC3352-72E9-4520-8441-CC4DA27463AB}"
	ProjectSection(SolutionItems) = preProject
		.gitattributes = .gitattributes
		.gitignore = .gitignore
		LICENSE = LICENSE
		logo.png = logo.png
		README.md = README.md
	EndProjectSection
EndProject
Project("{FAE04EC0-301F-11D3-BF4B-00C04F79EFBC}") = "Silmoon.Graphics.Financial", "Silmoon.Graphics.Financial\Silmoon.Graphics.Financial.csproj", "{9AE6D62A-14D2-4FBD-918C-1D8E4A598567}"
EndProject
Project("{2150E333-8FDC-42A3-9474-1A3956D46DE8}") = "Testing", "Testing", "{02EA681E-C7D8-13C7-8484-4AC65E1B71E8}"
EndProject
Project("{FAE04EC0-301F-11D3-BF4B-00C04F79EFBC}") = "GraphicsWinFormTesting", "GraphicsWinFormTesting\GraphicsWinFormTesting.csproj", "{E65D7C3F-28A2-4231-81CD-79E32C6E0E81}"
EndProject
Project("{FAE04EC0-301F-11D3-BF4B-00C04F79EFBC}") = "GraphicsMauiTesting", "GraphicsMauiTesting\GraphicsMauiTesting.csproj", "{427F7A5E-0C52-4F24-BDB1-29EAFADFB391}"
EndProject
Global
	GlobalSection(SolutionConfigurationPlatforms) = preSolution
		Debug|Any CPU = Debug|Any CPU
		Release|Any CPU = Release|Any CPU
	EndGlobalSection
	GlobalSection(ProjectConfigurationPlatforms) = postSolution
		{F2C95DE0-81C8-4426-9360-94636969F3C0}.Debug|Any CPU.ActiveCfg = Debug|Any CPU
		{F2C95DE0-81C8-4426-9360-94636969F3C0}.Debug|Any CPU.Build.0 = Debug|Any CPU
		{F2C95DE0-81C8-4426-9360-94636969F3C0}.Release|Any CPU.ActiveCfg = Release|Any CPU
		{F2C95DE0-81C8-4426-9360-94636969F3C0}.Release|Any CPU.Build.0 = Release|Any CPU
		{9AE6D62A-14D2-4FBD-918C-1D8E4A598567}.Debug|Any CPU.ActiveCfg = Debug|Any CPU
		{9AE6D62A-14D2-4FBD-918C-1D8E4A598567}.Debug|Any CPU.Build.0 = Debug|Any CPU
		{9AE6D62A-14D2-4FBD-918C-1D8E4A598567}.Release|Any CPU.ActiveCfg = Release|Any CPU
		{9AE6D62A-14D2-4FBD-918C-1D8E4A598567}.Release|Any CPU.Build.0 = Release|Any CPU
		{E65D7C3F-28A2-4231-81CD-79E32C6E0E81}.Debug|Any CPU.ActiveCfg = Debug|Any CPU
		{E65D7C3F-28A2-4231-81CD-79E32C6E0E81}.Debug|Any CPU.Build.0 = Debug|Any CPU
		{E65D7C3F-28A2-4231-81CD-79E32C6E0E81}.Release|Any CPU.ActiveCfg = Release|Any CPU
		{E65D7C3F-28A2-4231-81CD-79E32C6E0E81}.Release|Any CPU.Build.0 = Release|Any CPU
		{427F7A5E-0C52-4F24-BDB1-29EAFADFB391}.Debug|Any CPU.ActiveCfg = Debug|Any CPU
		{427F7A5E-0C52-4F24-BDB1-29EAFADFB391}.Debug|Any CPU.Build.0 = Debug|Any CPU
		{427F7A5E-0C52-4F24-BDB1-29EAFADFB391}.Debug|Any CPU.Deploy.0 = Debug|Any CPU
		{427F7A5E-0C52-4F24-BDB1-29EAFADFB391}.Release|Any CPU.ActiveCfg = Release|Any CPU
		{427F7A5E-0C52-4F24-BDB1-29EAFADFB391}.Release|Any CPU.Build.0 = Release|Any CPU
	EndGlobalSection
	GlobalSection(SolutionProperties) = preSolution
		HideSolutionNode = FALSE
	EndGlobalSection
	GlobalSection(NestedProjects) = preSolution
		{E65D7C3F-28A2-4231-81CD-79E32C6E0E81} = {02EA681E-C7D8-13C7-8484-4AC65E1B71E8}
		{427F7A5E-0C52-4F24-BDB1-29EAFADFB391} = {02EA681E-C7D8-13C7-8484-4AC65E1B71E8}
	EndGlobalSection
	GlobalSection(ExtensibilityGlobals) = postSolution
		SolutionGuid = {31B2EE68-33A6-4753-AAE9-D3AB6F7C936B}
	EndGlobalSection
EndGlobal
